
Microsoft Visual Studio Solution File, Format Version 12.00
# Visual Studio 14
VisualStudioVersion = 14.0.25420.1
MinimumVisualStudioVersion = 10.0.40219.1
Project("{FAE04EC0-301F-11D3-BF4B-00C04F79EFBC}") = "IESFC Website", "IESFC Website\IESFC Website.csproj", "{40930C3C-284D-4E95-8606-52401DC2076A}"
EndProject
Project("{888888A0-9F3D-457C-B088-3A5042F75D52}") = "Backup", "Backup\Backup.pyproj", "{52AE236F-938D-4F1F-A1CD-3B548818A355}"
EndProject
Global
	GlobalSection(SolutionConfigurationPlatforms) = preSolution
		Debug|Any CPU = Debug|Any CPU
		Release|Any CPU = Release|Any CPU
	EndGlobalSection
	GlobalSection(ProjectConfigurationPlatforms) = postSolution
		{40930C3C-284D-4E95-8606-52401DC2076A}.Debug|Any CPU.ActiveCfg = Debug|Any CPU
		{40930C3C-284D-4E95-8606-52401DC2076A}.Debug|Any CPU.Build.0 = Debug|Any CPU
		{40930C3C-284D-4E95-8606-52401DC2076A}.Release|Any CPU.ActiveCfg = Release|Any CPU
		{40930C3C-284D-4E95-8606-52401DC2076A}.Release|Any CPU.Build.0 = Release|Any CPU
		{52AE236F-938D-4F1F-A1CD-3B548818A355}.Debug|Any CPU.ActiveCfg = Debug|Any CPU
		{52AE236F-938D-4F1F-A1CD-3B548818A355}.Release|Any CPU.ActiveCfg = Release|Any CPU
	EndGlobalSection
	GlobalSection(SolutionProperties) = preSolution
		HideSolutionNode = FALSE
	EndGlobalSection
EndGlobal
